
Microsoft Visual Studio Solution File, Format Version 12.00
# Visual Studio Version 17
VisualStudioVersion = 17.7.34202.233
MinimumVisualStudioVersion = 10.0.40219.1
Project("{FAE04EC0-301F-11D3-BF4B-00C04F79EFBC}") = "Proiect", "Proiect.csproj", "{196ED583-B485-4FC2-BB60-31975E2EE2A2}"
EndProject
Global
	GlobalSection(SolutionConfigurationPlatforms) = preSolution
		Debug|Any CPU = Debug|Any CPU
		Release|Any CPU = Release|Any CPU
	EndGlobalSection
	GlobalSection(ProjectConfigurationPlatforms) = postSolution
		{196ED583-B485-4FC2-BB60-31975E2EE2A2}.Debug|Any CPU.ActiveCfg = Debug|Any CPU
		{196ED583-B485-4FC2-BB60-31975E2EE2A2}.Debug|Any CPU.Build.0 = Debug|Any CPU
		{196ED583-B485-4FC2-BB60-31975E2EE2A2}.Release|Any CPU.ActiveCfg = Release|Any CPU
		{196ED583-B485-4FC2-BB60-31975E2EE2A2}.Release|Any CPU.Build.0 = Release|Any CPU
	EndGlobalSection
	GlobalSection(SolutionProperties) = preSolution
		HideSolutionNode = FALSE
	EndGlobalSection
	GlobalSection(ExtensibilityGlobals) = postSolution
		SolutionGuid = {11DC6D19-EC38-4247-9291-88991ECE2F46}
	EndGlobalSection
EndGlobal
